PODS:
  - Flutter (1.0.0)
  - flutter_notification_setting (0.0.1):
    - Flutter

DEPENDENCIES:
  - Flutter (from `Flutter`)
  - flutter_notification_setting (from `.symlinks/plugins/flutter_notification_setting/ios`)

EXTERNAL SOURCES:
  Flutter:
    :path: Flutter
  flutter_notification_setting:
    :path: ".symlinks/plugins/flutter_notification_setting/ios"

SPEC CHECKSUMS:
  Flutter: 434fef37c0980e73bb6479ef766c45957d4b510c
  flutter_notification_setting: c788e25daf8140e386e09e966fd2cd5c6c5f59f5

PODFILE CHECKSUM: aafe91acc616949ddb318b77800a7f51bffa2a4c

COCOAPODS: 1.10.1
